{
  "object": {
    "pins": [
      {
        "package": "MKit",
        "repositoryURL": "https://github.com/MartinPrusa/MKit",
        "state": {
          "branch": "master",
          "revision": "601e0afe512543edf091b4efbb5581c940723f43",
          "version": null
        }
      }
    ]
  },
  "version": 1
}
